{
  "name": "InstallFront",
  "lockfileVersion": 2,
  "requires": true,
  "packages": {
    "": {
      "dependencies": {
        "frontpack": "file:../Front End"
      }
    },
    "../Front End": {
      "version": "1.0.0",
      "license": "ISC"
    },
    "node_modules/frontpack": {
      "resolved": "../Front End",
      "link": true
    }
  },
  "dependencies": {
    "frontpack": {
      "version": "file:../Front End"
    }
  }
}
